
Microsoft Visual Studio Solution File, Format Version 12.00
# Visual Studio 15
Project("{FAE04EC0-301F-11D3-BF4B-00C04F79EFBC}") = "Web", "AccountManager_DDD\Web.csproj", "{E32A1499-2312-453D-8773-8112AD56DEDE}"
EndProject
Project("{FAE04EC0-301F-11D3-BF4B-00C04F79EFBC}") = "Domain", "Domain\Domain.csproj", "{A15E1426-CDF5-4107-AACE-4680EAAA4F8F}"
EndProject
Project("{FAE04EC0-301F-11D3-BF4B-00C04F79EFBC}") = "Infrastructure", "Infrastructure\Infrastructure.csproj", "{1945F7E4-D6BB-439F-86F2-DAF65A88697C}"
EndProject
Project("{FAE04EC0-301F-11D3-BF4B-00C04F79EFBC}") = "RestApi", "RestApi\RestApi.csproj", "{A62BC532-D252-4159-AEB4-87B4E627B8AB}"
EndProject
Global
	GlobalSection(SolutionConfigurationPlatforms) = preSolution
		Debug|Any CPU = Debug|Any CPU
		Release|Any CPU = Release|Any CPU
	EndGlobalSection
	GlobalSection(ProjectConfigurationPlatforms) = postSolution
		{E32A1499-2312-453D-8773-8112AD56DEDE}.Debug|Any CPU.ActiveCfg = Debug|Any CPU
		{E32A1499-2312-453D-8773-8112AD56DEDE}.Debug|Any CPU.Build.0 = Debug|Any CPU
		{E32A1499-2312-453D-8773-8112AD56DEDE}.Release|Any CPU.ActiveCfg = Release|Any CPU
		{E32A1499-2312-453D-8773-8112AD56DEDE}.Release|Any CPU.Build.0 = Release|Any CPU
		{A15E1426-CDF5-4107-AACE-4680EAAA4F8F}.Debug|Any CPU.ActiveCfg = Debug|Any CPU
		{A15E1426-CDF5-4107-AACE-4680EAAA4F8F}.Debug|Any CPU.Build.0 = Debug|Any CPU
		{A15E1426-CDF5-4107-AACE-4680EAAA4F8F}.Release|Any CPU.ActiveCfg = Release|Any CPU
		{A15E1426-CDF5-4107-AACE-4680EAAA4F8F}.Release|Any CPU.Build.0 = Release|Any CPU
		{1945F7E4-D6BB-439F-86F2-DAF65A88697C}.Debug|Any CPU.ActiveCfg = Debug|Any CPU
		{1945F7E4-D6BB-439F-86F2-DAF65A88697C}.Debug|Any CPU.Build.0 = Debug|Any CPU
		{1945F7E4-D6BB-439F-86F2-DAF65A88697C}.Release|Any CPU.ActiveCfg = Release|Any CPU
		{1945F7E4-D6BB-439F-86F2-DAF65A88697C}.Release|Any CPU.Build.0 = Release|Any CPU
		{A62BC532-D252-4159-AEB4-87B4E627B8AB}.Debug|Any CPU.ActiveCfg = Debug|Any CPU
		{A62BC532-D252-4159-AEB4-87B4E627B8AB}.Debug|Any CPU.Build.0 = Debug|Any CPU
		{A62BC532-D252-4159-AEB4-87B4E627B8AB}.Release|Any CPU.ActiveCfg = Release|Any CPU
		{A62BC532-D252-4159-AEB4-87B4E627B8AB}.Release|Any CPU.Build.0 = Release|Any CPU
	EndGlobalSection
EndGlobal
